<?xml version="1.0" encoding="utf-8"?>
<Project ToolsVersion="4.0" xmlns="http://schemas.microsoft.com/developer/msbuild/2003">
  <ItemGroup>
    <Filter Include="Source Files">
      <UniqueIdentifier>{4FC737F1-C7A5-4376-A066-2A32D752A2FF}</UniqueIdentifier>
      <Extensions>cpp;c;cc;cxx;def;odl;idl;hpj;bat;asm;asmx</Extensions>
    </Filter>
    <Filter Include="Header Files">
      <UniqueIdentifier>{93995380-89BD-4b04-88EB-625FBE52EBFB}</UniqueIdentifier>
      <Extensions>h;hh;hpp;hxx;hm;inl;inc;ipp;xsd</Extensions>
    </Filter>
    <Filter Include="Resource Files">
      <UniqueIdentifier>{67DA6AB6-F800-4c08-8B7A-83BB121AAD01}</UniqueIdentifier>
      <Extensions>rc;ico;cur;bmp;dlg;rc2;rct;bin;rgs;gif;jpg;jpeg;jpe;resx;tiff;tif;png;wav;mfcribbon-ms</Extensions>
    </Filter>
    <Filter Include="Source Files\Person">
      <UniqueIdentifier>{117cdbe0-c747-4d14-ae19-2ebccebeecb8}</UniqueIdentifier>
    </Filter>
    <Filter Include="Source Files\Teacher">
      <UniqueIdentifier>{9539658d-6196-425e-be9d-f97460483766}</UniqueIdentifier>
    </Filter>
    <Filter Include="Source Files\Student">
      <UniqueIdentifier>{1170832b-e2c7-4a41-ae48-a344d43d1ec3}</UniqueIdentifier>
    </Filter>
    <Filter Include="Source Files\LearningClass">
      <UniqueIdentifier>{8c6a80aa-33fe-4671-8226-f674e45a9079}</UniqueIdentifier>
    </Filter>
    <Filter Include="Source Files\School">
      <UniqueIdentifier>{a1d9df5b-bcb0-4e49-bb79-264f411c24c7}</UniqueIdentifier>
    </Filter>
  </ItemGroup>
  <ItemGroup>
    <ClCompile Include="BlackMirrorSchoolServer.cpp">
      <Filter>Source Files</Filter>
    </ClCompile>
    <ClCompile Include="Person\Person.cpp">
      <Filter>Source Files\Person</Filter>
    </ClCompile>
    <ClCompile Include="Teacher\Teacher.cpp">
      <Filter>Source Files\Teacher</Filter>
    </ClCompile>
    <ClCompile Include="Student\Student.cpp">
      <Filter>Source Files\Student</Filter>
    </ClCompile>
    <ClCompile Include="LearningClass\LearningClass.cpp">
      <Filter>Source Files\LearningClass</Filter>
    </ClCompile>
    <ClCompile Include="School\School.cpp">
      <Filter>Source Files\School</Filter>
    </ClCompile>
  </ItemGroup>
  <ItemGroup>
    <ClInclude Include="Person\Person.h">
      <Filter>Source Files\Person</Filter>
    </ClInclude>
    <ClInclude Include="Teacher\Teacher.h">
      <Filter>Source Files\Teacher</Filter>
    </ClInclude>
    <ClInclude Include="Student\Student.h">
      <Filter>Source Files\Student</Filter>
    </ClInclude>
    <ClInclude Include="LearningClass\LearningClass.h">
      <Filter>Source Files\LearningClass</Filter>
    </ClInclude>
    <ClInclude Include="School\School.h">
      <Filter>Source Files\School</Filter>
    </ClInclude>
  </ItemGroup>
</Project>